
Microsoft Visual Studio Solution File, Format Version 12.00
# Visual Studio Version 17
VisualStudioVersion = 17.7.34031.279
MinimumVisualStudioVersion = 10.0.40219.1
Project("{FAE04EC0-301F-11D3-BF4B-00C04F79EFBC}") = "Horror_Movies Original", "Horror_Movies Original\Horror_Movies Original.csproj", "{040DA6C4-07B2-4C9B-BCD0-61CE84C6366E}"
EndProject
Global
	GlobalSection(SolutionConfigurationPlatforms) = preSolution
		Debug|Any CPU = Debug|Any CPU
		Release|Any CPU = Release|Any CPU
	EndGlobalSection
	GlobalSection(ProjectConfigurationPlatforms) = postSolution
		{040DA6C4-07B2-4C9B-BCD0-61CE84C6366E}.Debug|Any CPU.ActiveCfg = Debug|Any CPU
		{040DA6C4-07B2-4C9B-BCD0-61CE84C6366E}.Debug|Any CPU.Build.0 = Debug|Any CPU
		{040DA6C4-07B2-4C9B-BCD0-61CE84C6366E}.Release|Any CPU.ActiveCfg = Release|Any CPU
		{040DA6C4-07B2-4C9B-BCD0-61CE84C6366E}.Release|Any CPU.Build.0 = Release|Any CPU
	EndGlobalSection
	GlobalSection(SolutionProperties) = preSolution
		HideSolutionNode = FALSE
	EndGlobalSection
	GlobalSection(ExtensibilityGlobals) = postSolution
		SolutionGuid = {6B6B69DA-B9F9-48FC-9E20-2D3A9FEAB30D}
	EndGlobalSection
EndGlobal
