
Microsoft Visual Studio Solution File, Format Version 12.00
# Visual Studio Version 17
VisualStudioVersion = 17.7.34031.279
MinimumVisualStudioVersion = 10.0.40219.1
Project("{FAE04EC0-301F-11D3-BF4B-00C04F79EFBC}") = "B_3", "B_3.csproj", "{185FF102-D4F2-41F2-BC10-B2B02A8ECADA}"
EndProject
Global
	GlobalSection(SolutionConfigurationPlatforms) = preSolution
		Debug|Any CPU = Debug|Any CPU
		Release|Any CPU = Release|Any CPU
	EndGlobalSection
	GlobalSection(ProjectConfigurationPlatforms) = postSolution
		{185FF102-D4F2-41F2-BC10-B2B02A8ECADA}.Debug|Any CPU.ActiveCfg = Debug|Any CPU
		{185FF102-D4F2-41F2-BC10-B2B02A8ECADA}.Debug|Any CPU.Build.0 = Debug|Any CPU
		{185FF102-D4F2-41F2-BC10-B2B02A8ECADA}.Release|Any CPU.ActiveCfg = Release|Any CPU
		{185FF102-D4F2-41F2-BC10-B2B02A8ECADA}.Release|Any CPU.Build.0 = Release|Any CPU
	EndGlobalSection
	GlobalSection(SolutionProperties) = preSolution
		HideSolutionNode = FALSE
	EndGlobalSection
	GlobalSection(ExtensibilityGlobals) = postSolution
		SolutionGuid = {63B6D48C-0C54-453A-A13F-45EB987BF306}
	EndGlobalSection
EndGlobal
