
Microsoft Visual Studio Solution File, Format Version 12.00
# Visual Studio Version 17
VisualStudioVersion = 17.7.34031.279
MinimumVisualStudioVersion = 10.0.40219.1
Project("{FAE04EC0-301F-11D3-BF4B-00C04F79EFBC}") = "Stormy_Days", "Stormy_Days.csproj", "{88025F5A-6C5C-4E1B-93F7-0AAFAB94B08E}"
EndProject
Global
	GlobalSection(SolutionConfigurationPlatforms) = preSolution
		Debug|Any CPU = Debug|Any CPU
		Release|Any CPU = Release|Any CPU
	EndGlobalSection
	GlobalSection(ProjectConfigurationPlatforms) = postSolution
		{88025F5A-6C5C-4E1B-93F7-0AAFAB94B08E}.Debug|Any CPU.ActiveCfg = Debug|Any CPU
		{88025F5A-6C5C-4E1B-93F7-0AAFAB94B08E}.Debug|Any CPU.Build.0 = Debug|Any CPU
		{88025F5A-6C5C-4E1B-93F7-0AAFAB94B08E}.Release|Any CPU.ActiveCfg = Release|Any CPU
		{88025F5A-6C5C-4E1B-93F7-0AAFAB94B08E}.Release|Any CPU.Build.0 = Release|Any CPU
	EndGlobalSection
	GlobalSection(SolutionProperties) = preSolution
		HideSolutionNode = FALSE
	EndGlobalSection
	GlobalSection(ExtensibilityGlobals) = postSolution
		SolutionGuid = {D7D7EE62-645F-45E0-BF33-159D8F071062}
	EndGlobalSection
EndGlobal
