
Microsoft Visual Studio Solution File, Format Version 12.00
# Visual Studio Version 17
VisualStudioVersion = 17.7.34031.279
MinimumVisualStudioVersion = 10.0.40219.1
Project("{FAE04EC0-301F-11D3-BF4B-00C04F79EFBC}") = "Gladiators_A", "Gladiators_A.csproj", "{029C4580-4193-4FA8-BB9D-109F3ED1D954}"
EndProject
Global
	GlobalSection(SolutionConfigurationPlatforms) = preSolution
		Debug|Any CPU = Debug|Any CPU
		Release|Any CPU = Release|Any CPU
	EndGlobalSection
	GlobalSection(ProjectConfigurationPlatforms) = postSolution
		{029C4580-4193-4FA8-BB9D-109F3ED1D954}.Debug|Any CPU.ActiveCfg = Debug|Any CPU
		{029C4580-4193-4FA8-BB9D-109F3ED1D954}.Debug|Any CPU.Build.0 = Debug|Any CPU
		{029C4580-4193-4FA8-BB9D-109F3ED1D954}.Release|Any CPU.ActiveCfg = Release|Any CPU
		{029C4580-4193-4FA8-BB9D-109F3ED1D954}.Release|Any CPU.Build.0 = Release|Any CPU
	EndGlobalSection
	GlobalSection(SolutionProperties) = preSolution
		HideSolutionNode = FALSE
	EndGlobalSection
	GlobalSection(ExtensibilityGlobals) = postSolution
		SolutionGuid = {956C8058-2EFE-469D-B76D-23453F7358AD}
	EndGlobalSection
EndGlobal
